{
  "nodes": {
    "nixpkgs": {
      "locked": {
        "lastModified": 0,
        "narHash": "sha256-hEAvEN+y/OQ7wA7+u3bFJwXSe8yoSf2QaOMH3hyTJTQ=",
        "path": "/nix/store/9s6w9w0qkgrn6g9hxj6q3isbwbhnibxm-source",
        "type": "path"
      },
      "original": {
        "id": "nixpkgs",
        "type": "indirect"
      }
    },
    "root": {
      "inputs": {
        "nixpkgs": "nixpkgs"
      }
    }
  },
  "root": "root",
  "version": 7
}
